// !$*UTF8*$!
{
	archiveVersion = 1;
	classes = {
	};
	objectVersion = 77;
	objects = {

/* Begin PBXBuildFile section */
		34561FF92D36F997000273FF /* MediaKeyTap in Frameworks */ = {isa = PBXBuildFile; productRef = 34561FF82D36F997000273FF /* MediaKeyTap */; };
		34561FFB2D36F9B2000273FF /* MediaController.swift in Sources */ = {isa = PBXBuildFile; fileRef = 34561FFA2D36F9B2000273FF /* MediaController.swift */; };
		34AD65092CDE716500FD37D4 /* KeyboardSimulations.swift in Sources */ = {isa = PBXBuildFile; fileRef = 34AD65082CDE716500FD37D4 /* KeyboardSimulations.swift */; };
/* End PBXBuildFile section */

/* Begin PBXContainerItemProxy section */
		340D5C102CDD1C1C00F8A710 /* PBXContainerItemProxy */ = {
			isa = PBXContainerItemProxy;
			containerPortal = 340D5BF62CDD1C1B00F8A710 /* Project object */;
			proxyType = 1;
			remoteGlobalIDString = 340D5BFD2CDD1C1B00F8A710;
			remoteInfo = GizmoDesktopMK2;
		};
		340D5C1A2CDD1C1C00F8A710 /* PBXContainerItemProxy */ = {
			isa = PBXContainerItemProxy;
			containerPortal = 340D5BF62CDD1C1B00F8A710 /* Project object */;
			proxyType = 1;
			remoteGlobalIDString = 340D5BFD2CDD1C1B00F8A710;
			remoteInfo = GizmoDesktopMK2;
		};
/* End PBXContainerItemProxy section */

/* Begin PBXFileReference section */
		340D5BFE2CDD1C1B00F8A710 /* GizmoDesktopMK2.app */ = {isa = PBXFileReference; explicitFileType = wrapper.application; includeInIndex = 0; path = GizmoDesktopMK2.app; sourceTree = BUILT_PRODUCTS_DIR; };
		340D5C0F2CDD1C1C00F8A710 /* GizmoDesktopMK2Tests.xctest */ = {isa = PBXFileReference; explicitFileType = wrapper.cfbundle; includeInIndex = 0; path = GizmoDesktopMK2Tests.xctest; sourceTree = BUILT_PRODUCTS_DIR; };
		340D5C192CDD1C1C00F8A710 /* GizmoDesktopMK2UITests.xctest */ = {isa = PBXFileReference; explicitFileType = wrapper.cfbundle; includeInIndex = 0; path = GizmoDesktopMK2UITests.xctest; sourceTree = BUILT_PRODUCTS_DIR; };
		34561FFA2D36F9B2000273FF /* MediaController.swift */ = {isa = PBXFileReference; lastKnownFileType = sourcecode.swift; path = MediaController.swift; sourceTree = "<group>"; };
		34AD65082CDE716500FD37D4 /* KeyboardSimulations.swift */ = {isa = PBXFileReference; lastKnownFileType = sourcecode.swift; name = KeyboardSimulations.swift; path = GizmoDesktopMK2/KeyboardSimulations.swift; sourceTree = "<group>"; };
/* End PBXFileReference section */

/* Begin PBXFileSystemSynchronizedBuildFileExceptionSet section */
		340D5C432CDD46A000F8A710 /* Exceptions for "GizmoDesktopMK2" folder in "GizmoDesktopMK2" target */ = {
			isa = PBXFileSystemSynchronizedBuildFileExceptionSet;
			membershipExceptions = (
				Info.plist,
			);
			target = 340D5BFD2CDD1C1B00F8A710 /* GizmoDesktopMK2 */;
		};
/* End PBXFileSystemSynchronizedBuildFileExceptionSet section */

/* Begin PBXFileSystemSynchronizedRootGroup section */
		340D5C002CDD1C1B00F8A710 /* GizmoDesktopMK2 */ = {
			isa = PBXFileSystemSynchronizedRootGroup;
			exceptions = (
				340D5C432CDD46A000F8A710 /* Exceptions for "GizmoDesktopMK2" folder in "GizmoDesktopMK2" target */,
			);
			path = GizmoDesktopMK2;
			sourceTree = "<group>";
		};
		340D5C122CDD1C1C00F8A710 /* GizmoDesktopMK2Tests */ = {
			isa = PBXFileSystemSynchronizedRootGroup;
			path = GizmoDesktopMK2Tests;
			sourceTree = "<group>";
		};
		340D5C1C2CDD1C1C00F8A710 /* GizmoDesktopMK2UITests */ = {
			isa = PBXFileSystemSynchronizedRootGroup;
			path = GizmoDesktopMK2UITests;
			sourceTree = "<group>";
		};
/* End PBXFileSystemSynchronizedRootGroup section */

/* Begin PBXFrameworksBuildPhase section */
		340D5BFB2CDD1C1B00F8A710 /* Frameworks */ = {
			isa = PBXFrameworksBuildPhase;
			buildActionMask = 2147483647;
			files = (
				34561FF92D36F997000273FF /* MediaKeyTap in Frameworks */,
			);
			runOnlyForDeploymentPostprocessing = 0;
		};
		340D5C0C2CDD1C1C00F8A710 /* Frameworks */ = {
			isa = PBXFrameworksBuildPhase;
			buildActionMask = 2147483647;
			files = (
			);
			runOnlyForDeploymentPostprocessing = 0;
		};
		340D5C162CDD1C1C00F8A710 /* Frameworks */ = {
			isa = PBXFrameworksBuildPhase;
			buildActionMask = 2147483647;
			files = (
			);
			runOnlyForDeploymentPostprocessing = 0;
		};
/* End PBXFrameworksBuildPhase section */

/* Begin PBXGroup section */
		340D5BF52CDD1C1B00F8A710 = {
			isa = PBXGroup;
			children = (
				34561FFA2D36F9B2000273FF /* MediaController.swift */,
				34AD65082CDE716500FD37D4 /* KeyboardSimulations.swift */,
				340D5C002CDD1C1B00F8A710 /* GizmoDesktopMK2 */,
				340D5C122CDD1C1C00F8A710 /* GizmoDesktopMK2Tests */,
				340D5C1C2CDD1C1C00F8A710 /* GizmoDesktopMK2UITests */,
				340D5BFF2CDD1C1B00F8A710 /* Products */,
			);
			sourceTree = "<group>";
		};
		340D5BFF2CDD1C1B00F8A710 /* Products */ = {
			isa = PBXGroup;
			children = (
				340D5BFE2CDD1C1B00F8A710 /* GizmoDesktopMK2.app */,
				340D5C0F2CDD1C1C00F8A710 /* GizmoDesktopMK2Tests.xctest */,
				340D5C192CDD1C1C00F8A710 /* GizmoDesktopMK2UITests.xctest */,
			);
			name = Products;
			sourceTree = "<group>";
		};
/* End PBXGroup section */

/* Begin PBXNativeTarget section */
		340D5BFD2CDD1C1B00F8A710 /* GizmoDesktopMK2 */ = {
			isa = PBXNativeTarget;
			buildConfigurationList = 340D5C232CDD1C1C00F8A710 /* Build configuration list for PBXNativeTarget "GizmoDesktopMK2" */;
			buildPhases = (
				340D5BFA2CDD1C1B00F8A710 /* Sources */,
				340D5BFB2CDD1C1B00F8A710 /* Frameworks */,
				340D5BFC2CDD1C1B00F8A710 /* Resources */,
			);
			buildRules = (
			);
			dependencies = (
			);
			fileSystemSynchronizedGroups = (
				340D5C002CDD1C1B00F8A710 /* GizmoDesktopMK2 */,
			);
			name = GizmoDesktopMK2;
			packageProductDependencies = (
				34561FF82D36F997000273FF /* MediaKeyTap */,
			);
			productName = GizmoDesktopMK2;
			productReference = 340D5BFE2CDD1C1B00F8A710 /* GizmoDesktopMK2.app */;
			productType = "com.apple.product-type.application";
		};
		340D5C0E2CDD1C1C00F8A710 /* GizmoDesktopMK2Tests */ = {
			isa = PBXNativeTarget;
			buildConfigurationList = 340D5C262CDD1C1C00F8A710 /* Build configuration list for PBXNativeTarget "GizmoDesktopMK2Tests" */;
			buildPhases = (
				340D5C0B2CDD1C1C00F8A710 /* Sources */,
				340D5C0C2CDD1C1C00F8A710 /* Frameworks */,
				340D5C0D2CDD1C1C00F8A710 /* Resources */,
			);
			buildRules = (
			);
			dependencies = (
				340D5C112CDD1C1C00F8A710 /* PBXTargetDependency */,
			);
			fileSystemSynchronizedGroups = (
				340D5C122CDD1C1C00F8A710 /* GizmoDesktopMK2Tests */,
			);
			name = GizmoDesktopMK2Tests;
			packageProductDependencies = (
			);
			productName = GizmoDesktopMK2Tests;
			productReference = 340D5C0F2CDD1C1C00F8A710 /* GizmoDesktopMK2Tests.xctest */;
			productType = "com.apple.product-type.bundle.unit-test";
		};
		340D5C182CDD1C1C00F8A710 /* GizmoDesktopMK2UITests */ = {
			isa = PBXNativeTarget;
			buildConfigurationList = 340D5C292CDD1C1C00F8A710 /* Build configuration list for PBXNativeTarget "GizmoDesktopMK2UITests" */;
			buildPhases = (
				340D5C152CDD1C1C00F8A710 /* Sources */,
				340D5C162CDD1C1C00F8A710 /* Frameworks */,
				340D5C172CDD1C1C00F8A710 /* Resources */,
			);
			buildRules = (
			);
			dependencies = (
				340D5C1B2CDD1C1C00F8A710 /* PBXTargetDependency */,
			);
			fileSystemSynchronizedGroups = (
				340D5C1C2CDD1C1C00F8A710 /* GizmoDesktopMK2UITests */,
			);
			name = GizmoDesktopMK2UITests;
			packageProductDependencies = (
			);
			productName = GizmoDesktopMK2UITests;
			productReference = 340D5C192CDD1C1C00F8A710 /* GizmoDesktopMK2UITests.xctest */;
			productType = "com.apple.product-type.bundle.ui-testing";
		};
/* End PBXNativeTarget section */

/* Begin PBXProject section */
		340D5BF62CDD1C1B00F8A710 /* Project object */ = {
			isa = PBXProject;
			attributes = {
				BuildIndependentTargetsInParallel = 1;
				LastSwiftUpdateCheck = 1610;
				LastUpgradeCheck = 1610;
				TargetAttributes = {
					340D5BFD2CDD1C1B00F8A710 = {
						CreatedOnToolsVersion = 16.1;
					};
					340D5C0E2CDD1C1C00F8A710 = {
						CreatedOnToolsVersion = 16.1;
						TestTargetID = 340D5BFD2CDD1C1B00F8A710;
					};
					340D5C182CDD1C1C00F8A710 = {
						CreatedOnToolsVersion = 16.1;
						TestTargetID = 340D5BFD2CDD1C1B00F8A710;
					};
				};
			};
			buildConfigurationList = 340D5BF92CDD1C1B00F8A710 /* Build configuration list for PBXProject "GizmoDesktopMK2" */;
			developmentRegion = en;
			hasScannedForEncodings = 0;
			knownRegions = (
				en,
				Base,
			);
			mainGroup = 340D5BF52CDD1C1B00F8A710;
			minimizedProjectReferenceProxies = 1;
			packageReferences = (
				343C39D12D35B40800BE3619 /* XCRemoteSwiftPackageReference "MediaKeyTap" */,
			);
			preferredProjectObjectVersion = 77;
			productRefGroup = 340D5BFF2CDD1C1B00F8A710 /* Products */;
			projectDirPath = "";
			projectRoot = "";
			targets = (
				340D5BFD2CDD1C1B00F8A710 /* GizmoDesktopMK2 */,
				340D5C0E2CDD1C1C00F8A710 /* GizmoDesktopMK2Tests */,
				340D5C182CDD1C1C00F8A710 /* GizmoDesktopMK2UITests */,
			);
		};
/* End PBXProject section */

/* Begin PBXResourcesBuildPhase section */
		340D5BFC2CDD1C1B00F8A710 /* Resources */ = {
			isa = PBXResourcesBuildPhase;
			buildActionMask = 2147483647;
			files = (
			);
			runOnlyForDeploymentPostprocessing = 0;
		};
		340D5C0D2CDD1C1C00F8A710 /* Resources */ = {
			isa = PBXResourcesBuildPhase;
			buildActionMask = 2147483647;
			files = (
			);
			runOnlyForDeploymentPostprocessing = 0;
		};
		340D5C172CDD1C1C00F8A710 /* Resources */ = {
			isa = PBXResourcesBuildPhase;
			buildActionMask = 2147483647;
			files = (
			);
			runOnlyForDeploymentPostprocessing = 0;
		};
/* End PBXResourcesBuildPhase section */

/* Begin PBXSourcesBuildPhase section */
		340D5BFA2CDD1C1B00F8A710 /* Sources */ = {
			isa = PBXSourcesBuildPhase;
			buildActionMask = 2147483647;
			files = (
				34AD65092CDE716500FD37D4 /* KeyboardSimulations.swift in Sources */,
				34561FFB2D36F9B2000273FF /* MediaController.swift in Sources */,
			);
			runOnlyForDeploymentPostprocessing = 0;
		};
		340D5C0B2CDD1C1C00F8A710 /* Sources */ = {
			isa = PBXSourcesBuildPhase;
			buildActionMask = 2147483647;
			files = (
			);
			runOnlyForDeploymentPostprocessing = 0;
		};
		340D5C152CDD1C1C00F8A710 /* Sources */ = {
			isa = PBXSourcesBuildPhase;
			buildActionMask = 2147483647;
			files = (
			);
			runOnlyForDeploymentPostprocessing = 0;
		};
/* End PBXSourcesBuildPhase section */

/* Begin PBXTargetDependency section */
		340D5C112CDD1C1C00F8A710 /* PBXTargetDependency */ = {
			isa = PBXTargetDependency;
			target = 340D5BFD2CDD1C1B00F8A710 /* GizmoDesktopMK2 */;
			targetProxy = 340D5C102CDD1C1C00F8A710 /* PBXContainerItemProxy */;
		};
		340D5C1B2CDD1C1C00F8A710 /* PBXTargetDependency */ = {
			isa = PBXTargetDependency;
			target = 340D5BFD2CDD1C1B00F8A710 /* GizmoDesktopMK2 */;
			targetProxy = 340D5C1A2CDD1C1C00F8A710 /* PBXContainerItemProxy */;
		};
/* End PBXTargetDependency section */

/* Begin XCBuildConfiguration section */
		340D5C212CDD1C1C00F8A710 /* Debug */ = {
			isa = XCBuildConfiguration;
			buildSettings = {
				ALWAYS_SEARCH_USER_PATHS = NO;
				ASSETCATALOG_COMPILER_GENERATE_SWIFT_ASSET_SYMBOL_EXTENSIONS = YES;
				CLANG_ANALYZER_NONNULL = YES;
				CLANG_ANALYZER_NUMBER_OBJECT_CONVERSION = YES_AGGRESSIVE;
				CLANG_CXX_LANGUAGE_STANDARD = "gnu++20";
				CLANG_ENABLE_MODULES = YES;
				CLANG_ENABLE_OBJC_ARC = YES;
				CLANG_ENABLE_OBJC_WEAK = YES;
				CLANG_WARN_BLOCK_CAPTURE_AUTORELEASING = YES;
				CLANG_WARN_BOOL_CONVERSION = YES;
				CLANG_WARN_COMMA = YES;
				CLANG_WARN_CONSTANT_CONVERSION = YES;
				CLANG_WARN_DEPRECATED_OBJC_IMPLEMENTATIONS = YES;
				CLANG_WARN_DIRECT_OBJC_ISA_USAGE = YES_ERROR;
				CLANG_WARN_DOCUMENTATION_COMMENTS = YES;
				CLANG_WARN_EMPTY_BODY = YES;
				CLANG_WARN_ENUM_CONVERSION = YES;
				CLANG_WARN_INFINITE_RECURSION = YES;
				CLANG_WARN_INT_CONVERSION = YES;
				CLANG_WARN_NON_LITERAL_NULL_CONVERSION = YES;
				CLANG_WARN_OBJC_IMPLICIT_RETAIN_SELF = YES;
				CLANG_WARN_OBJC_LITERAL_CONVERSION = YES;
				CLANG_WARN_OBJC_ROOT_CLASS = YES_ERROR;
				CLANG_WARN_QUOTED_INCLUDE_IN_FRAMEWORK_HEADER = YES;
				CLANG_WARN_RANGE_LOOP_ANALYSIS = YES;
				CLANG_WARN_STRICT_PROTOTYPES = YES;
				CLANG_WARN_SUSPICIOUS_MOVE = YES;
				CLANG_WARN_UNGUARDED_AVAILABILITY = YES_AGGRESSIVE;
				CLANG_WARN_UNREACHABLE_CODE = YES;
				CLANG_WARN__DUPLICATE_METHOD_MATCH = YES;
				COPY_PHASE_STRIP = NO;
				DEBUG_INFORMATION_FORMAT = dwarf;
				ENABLE_STRICT_OBJC_MSGSEND = YES;
				ENABLE_TESTABILITY = YES;
				ENABLE_USER_SCRIPT_SANDBOXING = YES;
				GCC_C_LANGUAGE_STANDARD = gnu17;
				GCC_DYNAMIC_NO_PIC = NO;
				GCC_NO_COMMON_BLOCKS = YES;
				GCC_OPTIMIZATION_LEVEL = 0;
				GCC_PREPROCESSOR_DEFINITIONS = (
					"DEBUG=1",
					"$(inherited)",
				);
				GCC_WARN_64_TO_32_BIT_CONVERSION = YES;
				GCC_WARN_ABOUT_RETURN_TYPE = YES_ERROR;
				GCC_WARN_UNDECLARED_SELECTOR = YES;
				GCC_WARN_UNINITIALIZED_AUTOS = YES_AGGRESSIVE;
				GCC_WARN_UNUSED_FUNCTION = YES;
				GCC_WARN_UNUSED_VARIABLE = YES;
				LOCALIZATION_PREFERS_STRING_CATALOGS = YES;
				MACOSX_DEPLOYMENT_TARGET = 15.1;
				MTL_ENABLE_DEBUG_INFO = INCLUDE_SOURCE;
				MTL_FAST_MATH = YES;
				ONLY_ACTIVE_ARCH = YES;
				SDKROOT = macosx;
				SWIFT_ACTIVE_COMPILATION_CONDITIONS = "DEBUG $(inherited)";
				SWIFT_OPTIMIZATION_LEVEL = "-Onone";
			};
			name = Debug;
		};
		340D5C222CDD1C1C00F8A710 /* Release */ = {
			isa = XCBuildConfiguration;
			buildSettings = {
				ALWAYS_SEARCH_USER_PATHS = NO;
				ASSETCATALOG_COMPILER_GENERATE_SWIFT_ASSET_SYMBOL_EXTENSIONS = YES;
				CLANG_ANALYZER_NONNULL = YES;
				CLANG_ANALYZER_NUMBER_OBJECT_CONVERSION = YES_AGGRESSIVE;
				CLANG_CXX_LANGUAGE_STANDARD = "gnu++20";
				CLANG_ENABLE_MODULES = YES;
				CLANG_ENABLE_OBJC_ARC = YES;
				CLANG_ENABLE_OBJC_WEAK = YES;
				CLANG_WARN_BLOCK_CAPTURE_AUTORELEASING = YES;
				CLANG_WARN_BOOL_CONVERSION = YES;
				CLANG_WARN_COMMA = YES;
				CLANG_WARN_CONSTANT_CONVERSION = YES;
				CLANG_WARN_DEPRECATED_OBJC_IMPLEMENTATIONS = YES;
				CLANG_WARN_DIRECT_OBJC_ISA_USAGE = YES_ERROR;
				CLANG_WARN_DOCUMENTATION_COMMENTS = YES;
				CLANG_WARN_EMPTY_BODY = YES;
				CLANG_WARN_ENUM_CONVERSION = YES;
				CLANG_WARN_INFINITE_RECURSION = YES;
				CLANG_WARN_INT_CONVERSION = YES;
				CLANG_WARN_NON_LITERAL_NULL_CONVERSION = YES;
				CLANG_WARN_OBJC_IMPLICIT_RETAIN_SELF = YES;
				CLANG_WARN_OBJC_LITERAL_CONVERSION = YES;
				CLANG_WARN_OBJC_ROOT_CLASS = YES_ERROR;
				CLANG_WARN_QUOTED_INCLUDE_IN_FRAMEWORK_HEADER = YES;
				CLANG_WARN_RANGE_LOOP_ANALYSIS = YES;
				CLANG_WARN_STRICT_PROTOTYPES = YES;
				CLANG_WARN_SUSPICIOUS_MOVE = YES;
				CLANG_WARN_UNGUARDED_AVAILABILITY = YES_AGGRESSIVE;
				CLANG_WARN_UNREACHABLE_CODE = YES;
				CLANG_WARN__DUPLICATE_METHOD_MATCH = YES;
				COPY_PHASE_STRIP = NO;
				DEBUG_INFORMATION_FORMAT = "dwarf-with-dsym";
				ENABLE_NS_ASSERTIONS = NO;
				ENABLE_STRICT_OBJC_MSGSEND = YES;
				ENABLE_USER_SCRIPT_SANDBOXING = YES;
				GCC_C_LANGUAGE_STANDARD = gnu17;
				GCC_NO_COMMON_BLOCKS = YES;
				GCC_WARN_64_TO_32_BIT_CONVERSION = YES;
				GCC_WARN_ABOUT_RETURN_TYPE = YES_ERROR;
				GCC_WARN_UNDECLARED_SELECTOR = YES;
				GCC_WARN_UNINITIALIZED_AUTOS = YES_AGGRESSIVE;
				GCC_WARN_UNUSED_FUNCTION = YES;
				GCC_WARN_UNUSED_VARIABLE = YES;
				LOCALIZATION_PREFERS_STRING_CATALOGS = YES;
				MACOSX_DEPLOYMENT_TARGET = 15.1;
				MTL_ENABLE_DEBUG_INFO = NO;
				MTL_FAST_MATH = YES;
				SDKROOT = macosx;
				SWIFT_COMPILATION_MODE = wholemodule;
			};
			name = Release;
		};
		340D5C242CDD1C1C00F8A710 /* Debug */ = {
			isa = XCBuildConfiguration;
			buildSettings = {
				ASSETCATALOG_COMPILER_APPICON_NAME = AppIcon;
				ASSETCATALOG_COMPILER_GLOBAL_ACCENT_COLOR_NAME = AccentColor;
				CODE_SIGN_ENTITLEMENTS = GizmoDesktopMK2/GizmoDesktopMK2.entitlements;
				"CODE_SIGN_IDENTITY[sdk=macosx*]" = "Apple Development";
				CODE_SIGN_STYLE = Automatic;
				COMBINE_HIDPI_IMAGES = YES;
				CURRENT_PROJECT_VERSION = 1;
				DEVELOPMENT_ASSET_PATHS = "\"GizmoDesktopMK2/Preview Content\"";
				DEVELOPMENT_TEAM = Z78FG6GVXZ;
				ENABLE_PREVIEWS = YES;
				GENERATE_INFOPLIST_FILE = YES;
				INFOPLIST_FILE = GizmoDesktopMK2/Info.plist;
				INFOPLIST_KEY_LSBackgroundOnly = YES;
				INFOPLIST_KEY_NSAppleEventsUsageDescription = "Please 2";
				INFOPLIST_KEY_NSHumanReadableCopyright = "";
				INFOPLIST_KEY_NSLocalNetworkUsageDescription = Please;
				LD_RUNPATH_SEARCH_PATHS = (
					"$(inherited)",
					"@executable_path/../Frameworks",
				);
				MARKETING_VERSION = 1.0;
				PRODUCT_BUNDLE_IDENTIFIER = info.matthewsand.GizmoDesktopMK2;
				PRODUCT_NAME = "$(TARGET_NAME)";
				SWIFT_EMIT_LOC_STRINGS = YES;
				SWIFT_VERSION = 5.0;
			};
			name = Debug;
		};
		340D5C252CDD1C1C00F8A710 /* Release */ = {
			isa = XCBuildConfiguration;
			buildSettings = {
				ASSETCATALOG_COMPILER_APPICON_NAME = AppIcon;
				ASSETCATALOG_COMPILER_GLOBAL_ACCENT_COLOR_NAME = AccentColor;
				CODE_SIGN_ENTITLEMENTS = GizmoDesktopMK2/GizmoDesktopMK2.entitlements;
				"CODE_SIGN_IDENTITY[sdk=macosx*]" = "Apple Development";
				CODE_SIGN_STYLE = Automatic;
				COMBINE_HIDPI_IMAGES = YES;
				CURRENT_PROJECT_VERSION = 1;
				DEVELOPMENT_ASSET_PATHS = "\"GizmoDesktopMK2/Preview Content\"";
				DEVELOPMENT_TEAM = Z78FG6GVXZ;
				ENABLE_PREVIEWS = YES;
				GENERATE_INFOPLIST_FILE = YES;
				INFOPLIST_FILE = GizmoDesktopMK2/Info.plist;
				INFOPLIST_KEY_LSBackgroundOnly = YES;
				INFOPLIST_KEY_NSAppleEventsUsageDescription = "Please 2";
				INFOPLIST_KEY_NSHumanReadableCopyright = "";
				INFOPLIST_KEY_NSLocalNetworkUsageDescription = Please;
				LD_RUNPATH_SEARCH_PATHS = (
					"$(inherited)",
					"@executable_path/../Frameworks",
				);
				MARKETING_VERSION = 1.0;
				PRODUCT_BUNDLE_IDENTIFIER = info.matthewsand.GizmoDesktopMK2;
				PRODUCT_NAME = "$(TARGET_NAME)";
				SWIFT_EMIT_LOC_STRINGS = YES;
				SWIFT_VERSION = 5.0;
			};
			name = Release;
		};
		340D5C272CDD1C1C00F8A710 /* Debug */ = {
			isa = XCBuildConfiguration;
			buildSettings = {
				BUNDLE_LOADER = "$(TEST_HOST)";
				CODE_SIGN_STYLE = Automatic;
				CURRENT_PROJECT_VERSION = 1;
				GENERATE_INFOPLIST_FILE = YES;
				MACOSX_DEPLOYMENT_TARGET = 15.1;
				MARKETING_VERSION = 1.0;
				PRODUCT_BUNDLE_IDENTIFIER = info.matthewsand.GizmoDesktopMK2Tests;
				PRODUCT_NAME = "$(TARGET_NAME)";
				SWIFT_EMIT_LOC_STRINGS = NO;
				SWIFT_VERSION = 5.0;
				TEST_HOST = "$(BUILT_PRODUCTS_DIR)/GizmoDesktopMK2.app/$(BUNDLE_EXECUTABLE_FOLDER_PATH)/GizmoDesktopMK2";
			};
			name = Debug;
		};
		340D5C282CDD1C1C00F8A710 /* Release */ = {
			isa = XCBuildConfiguration;
			buildSettings = {
				BUNDLE_LOADER = "$(TEST_HOST)";
				CODE_SIGN_STYLE = Automatic;
				CURRENT_PROJECT_VERSION = 1;
				GENERATE_INFOPLIST_FILE = YES;
				MACOSX_DEPLOYMENT_TARGET = 15.1;
				MARKETING_VERSION = 1.0;
				PRODUCT_BUNDLE_IDENTIFIER = info.matthewsand.GizmoDesktopMK2Tests;
				PRODUCT_NAME = "$(TARGET_NAME)";
				SWIFT_EMIT_LOC_STRINGS = NO;
				SWIFT_VERSION = 5.0;
				TEST_HOST = "$(BUILT_PRODUCTS_DIR)/GizmoDesktopMK2.app/$(BUNDLE_EXECUTABLE_FOLDER_PATH)/GizmoDesktopMK2";
			};
			name = Release;
		};
		340D5C2A2CDD1C1C00F8A710 /* Debug */ = {
			isa = XCBuildConfiguration;
			buildSettings = {
				CODE_SIGN_STYLE = Automatic;
				CURRENT_PROJECT_VERSION = 1;
				GENERATE_INFOPLIST_FILE = YES;
				MARKETING_VERSION = 1.0;
				PRODUCT_BUNDLE_IDENTIFIER = info.matthewsand.GizmoDesktopMK2UITests;
				PRODUCT_NAME = "$(TARGET_NAME)";
				SWIFT_EMIT_LOC_STRINGS = NO;
				SWIFT_VERSION = 5.0;
				TEST_TARGET_NAME = GizmoDesktopMK2;
			};
			name = Debug;
		};
		340D5C2B2CDD1C1C00F8A710 /* Release */ = {
			isa = XCBuildConfiguration;
			buildSettings = {
				CODE_SIGN_STYLE = Automatic;
				CURRENT_PROJECT_VERSION = 1;
				GENERATE_INFOPLIST_FILE = YES;
				MARKETING_VERSION = 1.0;
				PRODUCT_BUNDLE_IDENTIFIER = info.matthewsand.GizmoDesktopMK2UITests;
				PRODUCT_NAME = "$(TARGET_NAME)";
				SWIFT_EMIT_LOC_STRINGS = NO;
				SWIFT_VERSION = 5.0;
				TEST_TARGET_NAME = GizmoDesktopMK2;
			};
			name = Release;
		};
/* End XCBuildConfiguration section */

/* Begin XCConfigurationList section */
		340D5BF92CDD1C1B00F8A710 /* Build configuration list for PBXProject "GizmoDesktopMK2" */ = {
			isa = XCConfigurationList;
			buildConfigurations = (
				340D5C212CDD1C1C00F8A710 /* Debug */,
				340D5C222CDD1C1C00F8A710 /* Release */,
			);
			defaultConfigurationIsVisible = 0;
			defaultConfigurationName = Release;
		};
		340D5C232CDD1C1C00F8A710 /* Build configuration list for PBXNativeTarget "GizmoDesktopMK2" */ = {
			isa = XCConfigurationList;
			buildConfigurations = (
				340D5C242CDD1C1C00F8A710 /* Debug */,
				340D5C252CDD1C1C00F8A710 /* Release */,
			);
			defaultConfigurationIsVisible = 0;
			defaultConfigurationName = Release;
		};
		340D5C262CDD1C1C00F8A710 /* Build configuration list for PBXNativeTarget "GizmoDesktopMK2Tests" */ = {
			isa = XCConfigurationList;
			buildConfigurations = (
				340D5C272CDD1C1C00F8A710 /* Debug */,
				340D5C282CDD1C1C00F8A710 /* Release */,
			);
			defaultConfigurationIsVisible = 0;
			defaultConfigurationName = Release;
		};
		340D5C292CDD1C1C00F8A710 /* Build configuration list for PBXNativeTarget "GizmoDesktopMK2UITests" */ = {
			isa = XCConfigurationList;
			buildConfigurations = (
				340D5C2A2CDD1C1C00F8A710 /* Debug */,
				340D5C2B2CDD1C1C00F8A710 /* Release */,
			);
			defaultConfigurationIsVisible = 0;
			defaultConfigurationName = Release;
		};
/* End XCConfigurationList section */

/* Begin XCRemoteSwiftPackageReference section */
		343C39D12D35B40800BE3619 /* XCRemoteSwiftPackageReference "MediaKeyTap" */ = {
			isa = XCRemoteSwiftPackageReference;
			repositoryURL = "https://github.com/nhurden/MediaKeyTap/";
			requirement = {
				kind = upToNextMajorVersion;
				minimumVersion = 2.3.0;
			};
		};
/* End XCRemoteSwiftPackageReference section */

/* Begin XCSwiftPackageProductDependency section */
		34561FF82D36F997000273FF /* MediaKeyTap */ = {
			isa = XCSwiftPackageProductDependency;
			package = 343C39D12D35B40800BE3619 /* XCRemoteSwiftPackageReference "MediaKeyTap" */;
			productName = MediaKeyTap;
		};
/* End XCSwiftPackageProductDependency section */
	};
	rootObject = 340D5BF62CDD1C1B00F8A710 /* Project object */;
}
