{
  "originHash" : "fc9bed2a958dc23ce8d2e710d933dda07267c20022d5bba16096cda972b16f8b",
  "pins" : [
    {
      "identity" : "issoundadditions",
      "kind" : "remoteSourceControl",
      "location" : "https://github.com/InerziaSoft/ISSoundAdditions.git",
      "state" : {
        "branch" : "master",
        "revision" : "4b555f0354e6c280917bae8a598a258efe87ab98"
      }
    },
    {
      "identity" : "mediakeytap",
      "kind" : "remoteSourceControl",
      "location" : "https://github.com/nhurden/MediaKeyTap/",
      "state" : {
        "revision" : "7d1b8169d228ef6e5ec7db676a348f2f3e50c734",
        "version" : "2.3.0"
      }
    }
  ],
  "version" : 3
}
